# THIS IS AN AUTOGENERATED FILE. DO NOT EDIT THIS FILE DIRECTLY.
# yarn lockfile v1


"@aws/dynamodb-auto-marshaller@^0.7.1":
  version "0.7.1"
  resolved "https://registry.yarnpkg.com/@aws/dynamodb-auto-marshaller/-/dynamodb-auto-marshaller-0.7.1.tgz#70676c056e4ecb798c08ec2e398a3d93e703858d"
  integrity sha512-LeURlf6/avrfFo9+4Yht9J3CUTJ72yoBpm1FOUmlexuHNW4Ka61tG30w3ZDCXXXmCO2rG0k3ywAgNJEo3WPbyw==
  dependencies:
    tslib "^1.8.1"

"@aws/dynamodb-batch-iterator@^0.7.1":
  version "0.7.1"
  resolved "https://registry.yarnpkg.com/@aws/dynamodb-batch-iterator/-/dynamodb-batch-iterator-0.7.1.tgz#aa3062b2e7816ddb88ac64575a11476930c990e9"
  integrity sha512-SdwBFnjN+ncIl+MOogTeEh1/C6O0jAcqD5YA3AujcH5JPWiMescKAefO4VQbgR0Q9ohcYcMnwL3q6mCdUpyJ9w==
  dependencies:
    tslib "^1.8.1"
    utf8-bytes "^0.0.1"

"@aws/dynamodb-data-mapper-annotations@^0.7.3":
  version "0.7.3"
  resolved "https://registry.yarnpkg.com/@aws/dynamodb-data-mapper-annotations/-/dynamodb-data-mapper-annotations-0.7.3.tgz#8c04598a1dd3ec1b69996020afebcecc6f2c41f7"
  integrity sha512-RROw+6EIJd0bJsl/76wxfvDkv/irY9pfpp/VRlmEIVixKW2UtMqpni+Hs0XuBRtmGKGfFrWB2WGYiikSnfv4FA==
  dependencies:
    "@aws/dynamodb-auto-marshaller" "^0.7.1"
    "@aws/dynamodb-data-mapper" "^0.7.3"
    "@aws/dynamodb-data-marshaller" "^0.7.3"
    reflect-metadata "^0.1.10"
    tslib "^1.8.1"
    uuid "^3.0.0"

"@aws/dynamodb-data-mapper@^0.7.3":
  version "0.7.3"
  resolved "https://registry.yarnpkg.com/@aws/dynamodb-data-mapper/-/dynamodb-data-mapper-0.7.3.tgz#813aea68590017f27bc706989f8500a3c7869c3b"
  integrity sha512-2DYHoF2jvO7L2TfwfJoTfdJz0M6qSVJ0wM0zQ97ehrTyVSz/yWDO3GqMA9jsUqf0fZl3CIItHBhiXdddsH5cpA==
  dependencies:
    "@aws/dynamodb-auto-marshaller" "^0.7.1"
    "@aws/dynamodb-batch-iterator" "^0.7.1"
    "@aws/dynamodb-data-marshaller" "^0.7.3"
    "@aws/dynamodb-expressions" "^0.7.3"
    "@aws/dynamodb-query-iterator" "^0.7.1"
    tslib "^1.8.1"

"@aws/dynamodb-data-marshaller@^0.7.3":
  version "0.7.3"
  resolved "https://registry.yarnpkg.com/@aws/dynamodb-data-marshaller/-/dynamodb-data-marshaller-0.7.3.tgz#6769362551c01396ab224840933432a9db701f5b"
  integrity sha512-ea9PR19J2uY7lNSUo2bEcbfI8GiD0n66dISoBHZFrHjgCO2ao2P6UlyG/k0EMhr2zNzTWYNd08VYgTSYz5GBAA==
  dependencies:
    "@aws/dynamodb-auto-marshaller" "^0.7.1"
    "@aws/dynamodb-expressions" "^0.7.3"
    tslib "^1.8.1"
    utf8-bytes "^0.0.1"

"@aws/dynamodb-expressions@^0.7.3":
  version "0.7.3"
  resolved "https://registry.yarnpkg.com/@aws/dynamodb-expressions/-/dynamodb-expressions-0.7.3.tgz#abfda5dbda54f51c58a3bd038c710b7119fc8949"
  integrity sha512-63vaCyNKmO8BE/JWlQ3DSFG+qCAWgO5MGif31E5CPdWKaBt5yBG5qnh5w5oFelKRK6/1M6cYKl/Yui08wimUig==
  dependencies:
    "@aws/dynamodb-auto-marshaller" "^0.7.1"
    tslib "^1.8.1"

"@aws/dynamodb-query-iterator@^0.7.1":
  version "0.7.1"
  resolved "https://registry.yarnpkg.com/@aws/dynamodb-query-iterator/-/dynamodb-query-iterator-0.7.1.tgz#d43bbf7644cfee55de0aec273475d680a05f3981"
  integrity sha512-x28lcgj2HDadxszYEwQjAJyGMrdy3aznLM2TSEeQxqCxKzFT1qewmKxgWSMslH+CiLuuqs9H1FaIwvP15b6UHQ==
  dependencies:
    tslib "^1.8.1"

reflect-metadata@^0.1.10:
  version "0.1.13"
  resolved "https://registry.yarnpkg.com/reflect-metadata/-/reflect-metadata-0.1.13.tgz#67ae3ca57c972a2aa1642b10fe363fe32d49dc08"
  integrity sha512-Ts1Y/anZELhSsjMcU605fU9RE4Oi3p5ORujwbIKXfWa+0Zxs510Qrmrce5/Jowq3cHSZSJqBjypxmHarc+vEWg==

tslib@^1.8.1:
  version "1.14.1"
  resolved "https://registry.yarnpkg.com/tslib/-/tslib-1.14.1.tgz#cf2d38bdc34a134bcaf1091c41f6619e2f672d00"
  integrity sha512-Xni35NKzjgMrwevysHTCArtLDpPvye8zV/0E4EyYn43P7/7qvQwPh9BGkHewbMulVntbigmcT7rdX3BNo9wRJg==

utf8-bytes@^0.0.1:
  version "0.0.1"
  resolved "https://registry.yarnpkg.com/utf8-bytes/-/utf8-bytes-0.0.1.tgz#116b025448c9b500081cdfbf1f4d6c6c37d8837d"
  integrity sha1-EWsCVEjJtQAIHN+/H01sbDfYg30=

uuid@^3.0.0:
  version "3.4.0"
  resolved "https://registry.yarnpkg.com/uuid/-/uuid-3.4.0.tgz#b23e4358afa8a202fe7a100af1f5f883f02007ee"
  integrity sha512-HjSDRw6gZE5JMggctHBcjVak08+KEVhSIiDzFnT9S9aegmp85S/bReBVTb4QTFaRNptJ9kuYaNhnbNEOkbKb/A==
